// !$*UTF8*$!
{
	archiveVersion = 1;
	classes = {
	};
	objectVersion = 50;
	objects = {

/* Begin PBXBuildFile section */
		9A2F94B522019F47001E14F1 /* YLYDownLoadManager.m in Sources */ = {isa = PBXBuildFile; fileRef = 9A2F94B122019F46001E14F1 /* YLYDownLoadManager.m */; };
		9A2F94B622019F47001E14F1 /* YLYNetBox.m in Sources */ = {isa = PBXBuildFile; fileRef = 9A2F94B222019F46001E14F1 /* YLYNetBox.m */; };
		9A2F94D622043D22001E14F1 /* YLYHelper.m in Sources */ = {isa = PBXBuildFile; fileRef = 9A2F94D522043D22001E14F1 /* YLYHelper.m */; };
		9A2F94D922043E32001E14F1 /* BootUnit.m in Sources */ = {isa = PBXBuildFile; fileRef = 9A2F94D822043E32001E14F1 /* BootUnit.m */; };
		9A2F94EE22058937001E14F1 /* NSArray+ExtendMethod.m in Sources */ = {isa = PBXBuildFile; fileRef = 9A2F94DE22058936001E14F1 /* NSArray+ExtendMethod.m */; };
		9A2F94EF22058937001E14F1 /* NSDictionary+ExtendMethod.m in Sources */ = {isa = PBXBuildFile; fileRef = 9A2F94E122058936001E14F1 /* NSDictionary+ExtendMethod.m */; };
		9A2F94F022058937001E14F1 /* UITextField+ExtentMethod.m in Sources */ = {isa = PBXBuildFile; fileRef = 9A2F94E222058936001E14F1 /* UITextField+ExtentMethod.m */; };
		9A2F94F122058937001E14F1 /* UIButton+ExtentMethod.m in Sources */ = {isa = PBXBuildFile; fileRef = 9A2F94E522058936001E14F1 /* UIButton+ExtentMethod.m */; };
		9A2F94F222058937001E14F1 /* NSMutableDictionary+ExtendMethod.m in Sources */ = {isa = PBXBuildFile; fileRef = 9A2F94E622058936001E14F1 /* NSMutableDictionary+ExtendMethod.m */; };
		9A2F94F322058937001E14F1 /* NSString+ExtendMethod.m in Sources */ = {isa = PBXBuildFile; fileRef = 9A2F94E822058936001E14F1 /* NSString+ExtendMethod.m */; };
		9A2F94F422058937001E14F1 /* UIColor+ExtendMethod.m in Sources */ = {isa = PBXBuildFile; fileRef = 9A2F94EA22058936001E14F1 /* UIColor+ExtendMethod.m */; };
		9A2F94F522058937001E14F1 /* UILabel+ExtendMethod.m in Sources */ = {isa = PBXBuildFile; fileRef = 9A2F94EC22058936001E14F1 /* UILabel+ExtendMethod.m */; };
		9AB3889D21EF18A400EB727D /* AppDelegate.m in Sources */ = {isa = PBXBuildFile; fileRef = 9AB3889C21EF18A400EB727D /* AppDelegate.m */; };
		9AB388A021EF18A400EB727D /* ViewController.m in Sources */ = {isa = PBXBuildFile; fileRef = 9AB3889F21EF18A400EB727D /* ViewController.m */; };
		9AB388A321EF18A400EB727D /* Main.storyboard in Resources */ = {isa = PBXBuildFile; fileRef = 9AB388A121EF18A400EB727D /* Main.storyboard */; };
		9AB388A621EF18A400EB727D /* AccountTool.xcdatamodeld in Sources */ = {isa = PBXBuildFile; fileRef = 9AB388A421EF18A400EB727D /* AccountTool.xcdatamodeld */; };
		9AB388A821EF18A600EB727D /* Assets.xcassets in Resources */ = {isa = PBXBuildFile; fileRef = 9AB388A721EF18A600EB727D /* Assets.xcassets */; };
		9AB388AB21EF18A600EB727D /* LaunchScreen.storyboard in Resources */ = {isa = PBXBuildFile; fileRef = 9AB388A921EF18A600EB727D /* LaunchScreen.storyboard */; };
		9AB388AE21EF18A600EB727D /* main.m in Sources */ = {isa = PBXBuildFile; fileRef = 9AB388AD21EF18A600EB727D /* main.m */; };
		C26FA123D6158135FC21A4CC /* libPods-AccountTool.a in Frameworks */ = {isa = PBXBuildFile; fileRef = EDD7BDCBBA39CC49792129F7 /* libPods-AccountTool.a */; };
/* End PBXBuildFile section */

/* Begin PBXFileReference section */
		130E344302522BF24A5AD01D /* Pods-AccountTool.debug.xcconfig */ = {isa = PBXFileReference; includeInIndex = 1; lastKnownFileType = text.xcconfig; name = "Pods-AccountTool.debug.xcconfig"; path = "Pods/Target Support Files/Pods-AccountTool/Pods-AccountTool.debug.xcconfig"; sourceTree = "<group>"; };
		62126389E6E802C899191D6D /* Pods-AccountTool.release.xcconfig */ = {isa = PBXFileReference; includeInIndex = 1; lastKnownFileType = text.xcconfig; name = "Pods-AccountTool.release.xcconfig"; path = "Pods/Target Support Files/Pods-AccountTool/Pods-AccountTool.release.xcconfig"; sourceTree = "<group>"; };
		9A2F94AF22019F2C001E14F1 /* URLConfig.h */ = {isa = PBXFileReference; fileEncoding = 4; lastKnownFileType = sourcecode.c.h; path = URLConfig.h; sourceTree = "<group>"; };
		9A2F94B022019F2C001E14F1 /* NetConfig.h */ = {isa = PBXFileReference; fileEncoding = 4; lastKnownFileType = sourcecode.c.h; path = NetConfig.h; sourceTree = "<group>"; };
		9A2F94B122019F46001E14F1 /* YLYDownLoadManager.m */ = {isa = PBXFileReference; fileEncoding = 4; lastKnownFileType = sourcecode.c.objc; path = YLYDownLoadManager.m; sourceTree = "<group>"; };
		9A2F94B222019F46001E14F1 /* YLYNetBox.m */ = {isa = PBXFileReference; fileEncoding = 4; lastKnownFileType = sourcecode.c.objc; path = YLYNetBox.m; sourceTree = "<group>"; };
		9A2F94B322019F46001E14F1 /* YLYNetBox.h */ = {isa = PBXFileReference; fileEncoding = 4; lastKnownFileType = sourcecode.c.h; path = YLYNetBox.h; sourceTree = "<group>"; };
		9A2F94B422019F46001E14F1 /* YLYDownLoadManager.h */ = {isa = PBXFileReference; fileEncoding = 4; lastKnownFileType = sourcecode.c.h; path = YLYDownLoadManager.h; sourceTree = "<group>"; };
		9A2F94B722019FF9001E14F1 /* YLYDefine.h */ = {isa = PBXFileReference; fileEncoding = 4; lastKnownFileType = sourcecode.c.h; path = YLYDefine.h; sourceTree = "<group>"; };
		9A2F94D422043D22001E14F1 /* YLYHelper.h */ = {isa = PBXFileReference; fileEncoding = 4; lastKnownFileType = sourcecode.c.h; path = YLYHelper.h; sourceTree = "<group>"; };
		9A2F94D522043D22001E14F1 /* YLYHelper.m */ = {isa = PBXFileReference; fileEncoding = 4; lastKnownFileType = sourcecode.c.objc; path = YLYHelper.m; sourceTree = "<group>"; };
		9A2F94D722043E32001E14F1 /* BootUnit.h */ = {isa = PBXFileReference; fileEncoding = 4; lastKnownFileType = sourcecode.c.h; path = BootUnit.h; sourceTree = "<group>"; };
		9A2F94D822043E32001E14F1 /* BootUnit.m */ = {isa = PBXFileReference; fileEncoding = 4; lastKnownFileType = sourcecode.c.objc; path = BootUnit.m; sourceTree = "<group>"; };
		9A2F94DD22058936001E14F1 /* NSString+ExtendMethod.h */ = {isa = PBXFileReference; fileEncoding = 4; lastKnownFileType = sourcecode.c.h; path = "NSString+ExtendMethod.h"; sourceTree = "<group>"; };
		9A2F94DE22058936001E14F1 /* NSArray+ExtendMethod.m */ = {isa = PBXFileReference; fileEncoding = 4; lastKnownFileType = sourcecode.c.objc; path = "NSArray+ExtendMethod.m"; sourceTree = "<group>"; };
		9A2F94DF22058936001E14F1 /* NSMutableDictionary+ExtendMethod.h */ = {isa = PBXFileReference; fileEncoding = 4; lastKnownFileType = sourcecode.c.h; path = "NSMutableDictionary+ExtendMethod.h"; sourceTree = "<group>"; };
		9A2F94E022058936001E14F1 /* UIColor+ExtendMethod.h */ = {isa = PBXFileReference; fileEncoding = 4; lastKnownFileType = sourcecode.c.h; path = "UIColor+ExtendMethod.h"; sourceTree = "<group>"; };
		9A2F94E122058936001E14F1 /* NSDictionary+ExtendMethod.m */ = {isa = PBXFileReference; fileEncoding = 4; lastKnownFileType = sourcecode.c.objc; path = "NSDictionary+ExtendMethod.m"; sourceTree = "<group>"; };
		9A2F94E222058936001E14F1 /* UITextField+ExtentMethod.m */ = {isa = PBXFileReference; fileEncoding = 4; lastKnownFileType = sourcecode.c.objc; path = "UITextField+ExtentMethod.m"; sourceTree = "<group>"; };
		9A2F94E322058936001E14F1 /* UILabel+ExtendMethod.h */ = {isa = PBXFileReference; fileEncoding = 4; lastKnownFileType = sourcecode.c.h; path = "UILabel+ExtendMethod.h"; sourceTree = "<group>"; };
		9A2F94E422058936001E14F1 /* CategoryConfig.h */ = {isa = PBXFileReference; fileEncoding = 4; lastKnownFileType = sourcecode.c.h; path = CategoryConfig.h; sourceTree = "<group>"; };
		9A2F94E522058936001E14F1 /* UIButton+ExtentMethod.m */ = {isa = PBXFileReference; fileEncoding = 4; lastKnownFileType = sourcecode.c.objc; path = "UIButton+ExtentMethod.m"; sourceTree = "<group>"; };
		9A2F94E622058936001E14F1 /* NSMutableDictionary+ExtendMethod.m */ = {isa = PBXFileReference; fileEncoding = 4; lastKnownFileType = sourcecode.c.objc; path = "NSMutableDictionary+ExtendMethod.m"; sourceTree = "<group>"; };
		9A2F94E722058936001E14F1 /* NSArray+ExtendMethod.h */ = {isa = PBXFileReference; fileEncoding = 4; lastKnownFileType = sourcecode.c.h; path = "NSArray+ExtendMethod.h"; sourceTree = "<group>"; };
		9A2F94E822058936001E14F1 /* NSString+ExtendMethod.m */ = {isa = PBXFileReference; fileEncoding = 4; lastKnownFileType = sourcecode.c.objc; path = "NSString+ExtendMethod.m"; sourceTree = "<group>"; };
		9A2F94E922058936001E14F1 /* UITextField+ExtentMethod.h */ = {isa = PBXFileReference; fileEncoding = 4; lastKnownFileType = sourcecode.c.h; path = "UITextField+ExtentMethod.h"; sourceTree = "<group>"; };
		9A2F94EA22058936001E14F1 /* UIColor+ExtendMethod.m */ = {isa = PBXFileReference; fileEncoding = 4; lastKnownFileType = sourcecode.c.objc; path = "UIColor+ExtendMethod.m"; sourceTree = "<group>"; };
		9A2F94EB22058936001E14F1 /* NSDictionary+ExtendMethod.h */ = {isa = PBXFileReference; fileEncoding = 4; lastKnownFileType = sourcecode.c.h; path = "NSDictionary+ExtendMethod.h"; sourceTree = "<group>"; };
		9A2F94EC22058936001E14F1 /* UILabel+ExtendMethod.m */ = {isa = PBXFileReference; fileEncoding = 4; lastKnownFileType = sourcecode.c.objc; path = "UILabel+ExtendMethod.m"; sourceTree = "<group>"; };
		9A2F94ED22058936001E14F1 /* UIButton+ExtentMethod.h */ = {isa = PBXFileReference; fileEncoding = 4; lastKnownFileType = sourcecode.c.h; path = "UIButton+ExtentMethod.h"; sourceTree = "<group>"; };
		9AB3889821EF18A400EB727D /* AccountTool.app */ = {isa = PBXFileReference; explicitFileType = wrapper.application; includeInIndex = 0; path = AccountTool.app; sourceTree = BUILT_PRODUCTS_DIR; };
		9AB3889B21EF18A400EB727D /* AppDelegate.h */ = {isa = PBXFileReference; lastKnownFileType = sourcecode.c.h; path = AppDelegate.h; sourceTree = "<group>"; };
		9AB3889C21EF18A400EB727D /* AppDelegate.m */ = {isa = PBXFileReference; lastKnownFileType = sourcecode.c.objc; path = AppDelegate.m; sourceTree = "<group>"; };
		9AB3889E21EF18A400EB727D /* ViewController.h */ = {isa = PBXFileReference; lastKnownFileType = sourcecode.c.h; path = ViewController.h; sourceTree = "<group>"; };
		9AB3889F21EF18A400EB727D /* ViewController.m */ = {isa = PBXFileReference; lastKnownFileType = sourcecode.c.objc; path = ViewController.m; sourceTree = "<group>"; };
		9AB388A221EF18A400EB727D /* Base */ = {isa = PBXFileReference; lastKnownFileType = file.storyboard; name = Base; path = Base.lproj/Main.storyboard; sourceTree = "<group>"; };
		9AB388A521EF18A400EB727D /* AccountTool.xcdatamodel */ = {isa = PBXFileReference; lastKnownFileType = wrapper.xcdatamodel; path = AccountTool.xcdatamodel; sourceTree = "<group>"; };
		9AB388A721EF18A600EB727D /* Assets.xcassets */ = {isa = PBXFileReference; lastKnownFileType = folder.assetcatalog; path = Assets.xcassets; sourceTree = "<group>"; };
		9AB388AA21EF18A600EB727D /* Base */ = {isa = PBXFileReference; lastKnownFileType = file.storyboard; name = Base; path = Base.lproj/LaunchScreen.storyboard; sourceTree = "<group>"; };
		9AB388AC21EF18A600EB727D /* Info.plist */ = {isa = PBXFileReference; lastKnownFileType = text.plist.xml; path = Info.plist; sourceTree = "<group>"; };
		9AB388AD21EF18A600EB727D /* main.m */ = {isa = PBXFileReference; lastKnownFileType = sourcecode.c.objc; path = main.m; sourceTree = "<group>"; };
		EDD7BDCBBA39CC49792129F7 /* libPods-AccountTool.a */ = {isa = PBXFileReference; explicitFileType = archive.ar; includeInIndex = 0; path = "libPods-AccountTool.a"; sourceTree = BUILT_PRODUCTS_DIR; };
/* End PBXFileReference section */

/* Begin PBXFrameworksBuildPhase section */
		9AB3889521EF18A400EB727D /* Frameworks */ = {
			isa = PBXFrameworksBuildPhase;
			buildActionMask = 2147483647;
			files = (
				C26FA123D6158135FC21A4CC /* libPods-AccountTool.a in Frameworks */,
			);
			runOnlyForDeploymentPostprocessing = 0;
		};
/* End PBXFrameworksBuildPhase section */

/* Begin PBXGroup section */
		83809A81D6FA8D3D6B413311 /* Pods */ = {
			isa = PBXGroup;
			children = (
				130E344302522BF24A5AD01D /* Pods-AccountTool.debug.xcconfig */,
				62126389E6E802C899191D6D /* Pods-AccountTool.release.xcconfig */,
			);
			name = Pods;
			sourceTree = "<group>";
		};
		9A2F94A222018AFC001E14F1 /* Net */ = {
			isa = PBXGroup;
			children = (
				9A2F94B022019F2C001E14F1 /* NetConfig.h */,
				9A2F94AF22019F2C001E14F1 /* URLConfig.h */,
				9A2F94B422019F46001E14F1 /* YLYDownLoadManager.h */,
				9A2F94B122019F46001E14F1 /* YLYDownLoadManager.m */,
				9A2F94B322019F46001E14F1 /* YLYNetBox.h */,
				9A2F94B222019F46001E14F1 /* YLYNetBox.m */,
			);
			path = Net;
			sourceTree = "<group>";
		};
		9A2F94A322018B0A001E14F1 /* Tools */ = {
			isa = PBXGroup;
			children = (
				9A2F94B722019FF9001E14F1 /* YLYDefine.h */,
				9A2F94D422043D22001E14F1 /* YLYHelper.h */,
				9A2F94D522043D22001E14F1 /* YLYHelper.m */,
			);
			path = Tools;
			sourceTree = "<group>";
		};
		9A2F94A422018B19001E14F1 /* Vendors */ = {
			isa = PBXGroup;
			children = (
			);
			path = Vendors;
			sourceTree = "<group>";
		};
		9A2F94A522018B22001E14F1 /* Services */ = {
			isa = PBXGroup;
			children = (
			);
			path = Services;
			sourceTree = "<group>";
		};
		9A2F94A6220199FC001E14F1 /* Flows */ = {
			isa = PBXGroup;
			children = (
			);
			path = Flows;
			sourceTree = "<group>";
		};
		9A2F94A722019A8F001E14F1 /* Units */ = {
			isa = PBXGroup;
			children = (
			);
			path = Units;
			sourceTree = "<group>";
		};
		9A2F94A822019BC2001E14F1 /* Control */ = {
			isa = PBXGroup;
			children = (
			);
			path = Control;
			sourceTree = "<group>";
		};
		9A2F94B82202F2B6001E14F1 /* Categorys */ = {
			isa = PBXGroup;
			children = (
				9A2F94DC22058936001E14F1 /* YLYCategory */,
			);
			path = Categorys;
			sourceTree = "<group>";
		};
		9A2F94DC22058936001E14F1 /* YLYCategory */ = {
			isa = PBXGroup;
			children = (
				9A2F94E422058936001E14F1 /* CategoryConfig.h */,
				9A2F94E722058936001E14F1 /* NSArray+ExtendMethod.h */,
				9A2F94DE22058936001E14F1 /* NSArray+ExtendMethod.m */,
				9A2F94E922058936001E14F1 /* UITextField+ExtentMethod.h */,
				9A2F94E222058936001E14F1 /* UITextField+ExtentMethod.m */,
				9A2F94ED22058936001E14F1 /* UIButton+ExtentMethod.h */,
				9A2F94E522058936001E14F1 /* UIButton+ExtentMethod.m */,
				9A2F94DF22058936001E14F1 /* NSMutableDictionary+ExtendMethod.h */,
				9A2F94E622058936001E14F1 /* NSMutableDictionary+ExtendMethod.m */,
				9A2F94DD22058936001E14F1 /* NSString+ExtendMethod.h */,
				9A2F94E822058936001E14F1 /* NSString+ExtendMethod.m */,
				9A2F94E022058936001E14F1 /* UIColor+ExtendMethod.h */,
				9A2F94EA22058936001E14F1 /* UIColor+ExtendMethod.m */,
				9A2F94EB22058936001E14F1 /* NSDictionary+ExtendMethod.h */,
				9A2F94E122058936001E14F1 /* NSDictionary+ExtendMethod.m */,
				9A2F94E322058936001E14F1 /* UILabel+ExtendMethod.h */,
				9A2F94EC22058936001E14F1 /* UILabel+ExtendMethod.m */,
			);
			path = YLYCategory;
			sourceTree = "<group>";
		};
		9AB3888F21EF18A400EB727D = {
			isa = PBXGroup;
			children = (
				9A2F94B82202F2B6001E14F1 /* Categorys */,
				9A2F94A822019BC2001E14F1 /* Control */,
				9A2F94A722019A8F001E14F1 /* Units */,
				9A2F94A6220199FC001E14F1 /* Flows */,
				9A2F94A522018B22001E14F1 /* Services */,
				9A2F94A422018B19001E14F1 /* Vendors */,
				9A2F94A322018B0A001E14F1 /* Tools */,
				9A2F94A222018AFC001E14F1 /* Net */,
				9AB3889A21EF18A400EB727D /* AccountTool */,
				9AB3889921EF18A400EB727D /* Products */,
				83809A81D6FA8D3D6B413311 /* Pods */,
				C58C1F366ADE5D94627CF411 /* Frameworks */,
			);
			sourceTree = "<group>";
		};
		9AB3889921EF18A400EB727D /* Products */ = {
			isa = PBXGroup;
			children = (
				9AB3889821EF18A400EB727D /* AccountTool.app */,
			);
			name = Products;
			sourceTree = "<group>";
		};
		9AB3889A21EF18A400EB727D /* AccountTool */ = {
			isa = PBXGroup;
			children = (
				9A2F94D722043E32001E14F1 /* BootUnit.h */,
				9A2F94D822043E32001E14F1 /* BootUnit.m */,
				9AB3889B21EF18A400EB727D /* AppDelegate.h */,
				9AB3889C21EF18A400EB727D /* AppDelegate.m */,
				9AB3889E21EF18A400EB727D /* ViewController.h */,
				9AB3889F21EF18A400EB727D /* ViewController.m */,
				9AB388A121EF18A400EB727D /* Main.storyboard */,
				9AB388A721EF18A600EB727D /* Assets.xcassets */,
				9AB388A921EF18A600EB727D /* LaunchScreen.storyboard */,
				9AB388AC21EF18A600EB727D /* Info.plist */,
				9AB388AD21EF18A600EB727D /* main.m */,
				9AB388A421EF18A400EB727D /* AccountTool.xcdatamodeld */,
			);
			path = AccountTool;
			sourceTree = "<group>";
		};
		C58C1F366ADE5D94627CF411 /* Frameworks */ = {
			isa = PBXGroup;
			children = (
				EDD7BDCBBA39CC49792129F7 /* libPods-AccountTool.a */,
			);
			name = Frameworks;
			sourceTree = "<group>";
		};
/* End PBXGroup section */

/* Begin PBXNativeTarget section */
		9AB3889721EF18A400EB727D /* AccountTool */ = {
			isa = PBXNativeTarget;
			buildConfigurationList = 9AB388B121EF18A600EB727D /* Build configuration list for PBXNativeTarget "AccountTool" */;
			buildPhases = (
				5ADE2435BD3160B42B69F25C /* [CP] Check Pods Manifest.lock */,
				9AB3889421EF18A400EB727D /* Sources */,
				9AB3889521EF18A400EB727D /* Frameworks */,
				9AB3889621EF18A400EB727D /* Resources */,
				427B248694E73A6F477077F0 /* [CP] Copy Pods Resources */,
			);
			buildRules = (
			);
			dependencies = (
			);
			name = AccountTool;
			productName = AccountTool;
			productReference = 9AB3889821EF18A400EB727D /* AccountTool.app */;
			productType = "com.apple.product-type.application";
		};
/* End PBXNativeTarget section */

/* Begin PBXProject section */
		9AB3889021EF18A400EB727D /* Project object */ = {
			isa = PBXProject;
			attributes = {
				LastUpgradeCheck = 1010;
				ORGANIZATIONNAME = yu;
				TargetAttributes = {
					9AB3889721EF18A400EB727D = {
						CreatedOnToolsVersion = 10.1;
					};
				};
			};
			buildConfigurationList = 9AB3889321EF18A400EB727D /* Build configuration list for PBXProject "AccountTool" */;
			compatibilityVersion = "Xcode 9.3";
			developmentRegion = en;
			hasScannedForEncodings = 0;
			knownRegions = (
				en,
				Base,
			);
			mainGroup = 9AB3888F21EF18A400EB727D;
			productRefGroup = 9AB3889921EF18A400EB727D /* Products */;
			projectDirPath = "";
			projectRoot = "";
			targets = (
				9AB3889721EF18A400EB727D /* AccountTool */,
			);
		};
/* End PBXProject section */

/* Begin PBXResourcesBuildPhase section */
		9AB3889621EF18A400EB727D /* Resources */ = {
			isa = PBXResourcesBuildPhase;
			buildActionMask = 2147483647;
			files = (
				9AB388AB21EF18A600EB727D /* LaunchScreen.storyboard in Resources */,
				9AB388A821EF18A600EB727D /* Assets.xcassets in Resources */,
				9AB388A321EF18A400EB727D /* Main.storyboard in Resources */,
			);
			runOnlyForDeploymentPostprocessing = 0;
		};
/* End PBXResourcesBuildPhase section */

/* Begin PBXShellScriptBuildPhase section */
		427B248694E73A6F477077F0 /* [CP] Copy Pods Resources */ = {
			isa = PBXShellScriptBuildPhase;
			buildActionMask = 2147483647;
			files = (
			);
			inputPaths = (
				"${SRCROOT}/Pods/Target Support Files/Pods-AccountTool/Pods-AccountTool-resources.sh",
				"${PODS_ROOT}/MJRefresh/MJRefresh/MJRefresh.bundle",
			);
			name = "[CP] Copy Pods Resources";
			outputPaths = (
				"${TARGET_BUILD_DIR}/${UNLOCALIZED_RESOURCES_FOLDER_PATH}/MJRefresh.bundle",
			);
			runOnlyForDeploymentPostprocessing = 0;
			shellPath = /bin/sh;
			shellScript = "\"${SRCROOT}/Pods/Target Support Files/Pods-AccountTool/Pods-AccountTool-resources.sh\"\n";
			showEnvVarsInLog = 0;
		};
		5ADE2435BD3160B42B69F25C /* [CP] Check Pods Manifest.lock */ = {
			isa = PBXShellScriptBuildPhase;
			buildActionMask = 2147483647;
			files = (
			);
			inputPaths = (
				"${PODS_PODFILE_DIR_PATH}/Podfile.lock",
				"${PODS_ROOT}/Manifest.lock",
			);
			name = "[CP] Check Pods Manifest.lock";
			outputPaths = (
				"$(DERIVED_FILE_DIR)/Pods-AccountTool-checkManifestLockResult.txt",
			);
			runOnlyForDeploymentPostprocessing = 0;
			shellPath = /bin/sh;
			shellScript = "diff \"${PODS_PODFILE_DIR_PATH}/Podfile.lock\" \"${PODS_ROOT}/Manifest.lock\" > /dev/null\nif [ $? != 0 ] ; then\n    # print error to STDERR\n    echo \"error: The sandbox is not in sync with the Podfile.lock. Run 'pod install' or update your CocoaPods installation.\" >&2\n    exit 1\nfi\n# This output is used by Xcode 'outputs' to avoid re-running this script phase.\necho \"SUCCESS\" > \"${SCRIPT_OUTPUT_FILE_0}\"\n";
			showEnvVarsInLog = 0;
		};
/* End PBXShellScriptBuildPhase section */

/* Begin PBXSourcesBuildPhase section */
		9AB3889421EF18A400EB727D /* Sources */ = {
			isa = PBXSourcesBuildPhase;
			buildActionMask = 2147483647;
			files = (
				9A2F94F122058937001E14F1 /* UIButton+ExtentMethod.m in Sources */,
				9A2F94B622019F47001E14F1 /* YLYNetBox.m in Sources */,
				9A2F94F422058937001E14F1 /* UIColor+ExtendMethod.m in Sources */,
				9A2F94F522058937001E14F1 /* UILabel+ExtendMethod.m in Sources */,
				9A2F94F322058937001E14F1 /* NSString+ExtendMethod.m in Sources */,
				9AB388A621EF18A400EB727D /* AccountTool.xcdatamodeld in Sources */,
				9AB388A021EF18A400EB727D /* ViewController.m in Sources */,
				9A2F94EF22058937001E14F1 /* NSDictionary+ExtendMethod.m in Sources */,
				9A2F94D922043E32001E14F1 /* BootUnit.m in Sources */,
				9A2F94B522019F47001E14F1 /* YLYDownLoadManager.m in Sources */,
				9AB388AE21EF18A600EB727D /* main.m in Sources */,
				9A2F94F022058937001E14F1 /* UITextField+ExtentMethod.m in Sources */,
				9A2F94F222058937001E14F1 /* NSMutableDictionary+ExtendMethod.m in Sources */,
				9A2F94D622043D22001E14F1 /* YLYHelper.m in Sources */,
				9AB3889D21EF18A400EB727D /* AppDelegate.m in Sources */,
				9A2F94EE22058937001E14F1 /* NSArray+ExtendMethod.m in Sources */,
			);
			runOnlyForDeploymentPostprocessing = 0;
		};
/* End PBXSourcesBuildPhase section */

/* Begin PBXVariantGroup section */
		9AB388A121EF18A400EB727D /* Main.storyboard */ = {
			isa = PBXVariantGroup;
			children = (
				9AB388A221EF18A400EB727D /* Base */,
			);
			name = Main.storyboard;
			sourceTree = "<group>";
		};
		9AB388A921EF18A600EB727D /* LaunchScreen.storyboard */ = {
			isa = PBXVariantGroup;
			children = (
				9AB388AA21EF18A600EB727D /* Base */,
			);
			name = LaunchScreen.storyboard;
			sourceTree = "<group>";
		};
/* End PBXVariantGroup section */

/* Begin XCBuildConfiguration section */
		9AB388AF21EF18A600EB727D /* Debug */ = {
			isa = XCBuildConfiguration;
			buildSettings = {
				ALWAYS_SEARCH_USER_PATHS = NO;
				CLANG_ANALYZER_NONNULL = YES;
				CLANG_ANALYZER_NUMBER_OBJECT_CONVERSION = YES_AGGRESSIVE;
				CLANG_CXX_LANGUAGE_STANDARD = "gnu++14";
				CLANG_CXX_LIBRARY = "libc++";
				CLANG_ENABLE_MODULES = YES;
				CLANG_ENABLE_OBJC_ARC = YES;
				CLANG_ENABLE_OBJC_WEAK = YES;
				CLANG_WARN_BLOCK_CAPTURE_AUTORELEASING = YES;
				CLANG_WARN_BOOL_CONVERSION = YES;
				CLANG_WARN_COMMA = YES;
				CLANG_WARN_CONSTANT_CONVERSION = YES;
				CLANG_WARN_DEPRECATED_OBJC_IMPLEMENTATIONS = YES;
				CLANG_WARN_DIRECT_OBJC_ISA_USAGE = YES_ERROR;
				CLANG_WARN_DOCUMENTATION_COMMENTS = YES;
				CLANG_WARN_EMPTY_BODY = YES;
				CLANG_WARN_ENUM_CONVERSION = YES;
				CLANG_WARN_INFINITE_RECURSION = YES;
				CLANG_WARN_INT_CONVERSION = YES;
				CLANG_WARN_NON_LITERAL_NULL_CONVERSION = YES;
				CLANG_WARN_OBJC_IMPLICIT_RETAIN_SELF = YES;
				CLANG_WARN_OBJC_LITERAL_CONVERSION = YES;
				CLANG_WARN_OBJC_ROOT_CLASS = YES_ERROR;
				CLANG_WARN_RANGE_LOOP_ANALYSIS = YES;
				CLANG_WARN_STRICT_PROTOTYPES = YES;
				CLANG_WARN_SUSPICIOUS_MOVE = YES;
				CLANG_WARN_UNGUARDED_AVAILABILITY = YES_AGGRESSIVE;
				CLANG_WARN_UNREACHABLE_CODE = YES;
				CLANG_WARN__DUPLICATE_METHOD_MATCH = YES;
				CODE_SIGN_IDENTITY = "iPhone Developer";
				COPY_PHASE_STRIP = NO;
				DEBUG_INFORMATION_FORMAT = dwarf;
				ENABLE_STRICT_OBJC_MSGSEND = YES;
				ENABLE_TESTABILITY = YES;
				GCC_C_LANGUAGE_STANDARD = gnu11;
				GCC_DYNAMIC_NO_PIC = NO;
				GCC_NO_COMMON_BLOCKS = YES;
				GCC_OPTIMIZATION_LEVEL = 0;
				GCC_PREPROCESSOR_DEFINITIONS = (
					"DEBUG=1",
					"$(inherited)",
				);
				GCC_WARN_64_TO_32_BIT_CONVERSION = YES;
				GCC_WARN_ABOUT_RETURN_TYPE = YES_ERROR;
				GCC_WARN_UNDECLARED_SELECTOR = YES;
				GCC_WARN_UNINITIALIZED_AUTOS = YES_AGGRESSIVE;
				GCC_WARN_UNUSED_FUNCTION = YES;
				GCC_WARN_UNUSED_VARIABLE = YES;
				IPHONEOS_DEPLOYMENT_TARGET = 12.1;
				MTL_ENABLE_DEBUG_INFO = INCLUDE_SOURCE;
				MTL_FAST_MATH = YES;
				ONLY_ACTIVE_ARCH = YES;
				SDKROOT = iphoneos;
			};
			name = Debug;
		};
		9AB388B021EF18A600EB727D /* Release */ = {
			isa = XCBuildConfiguration;
			buildSettings = {
				ALWAYS_SEARCH_USER_PATHS = NO;
				CLANG_ANALYZER_NONNULL = YES;
				CLANG_ANALYZER_NUMBER_OBJECT_CONVERSION = YES_AGGRESSIVE;
				CLANG_CXX_LANGUAGE_STANDARD = "gnu++14";
				CLANG_CXX_LIBRARY = "libc++";
				CLANG_ENABLE_MODULES = YES;
				CLANG_ENABLE_OBJC_ARC = YES;
				CLANG_ENABLE_OBJC_WEAK = YES;
				CLANG_WARN_BLOCK_CAPTURE_AUTORELEASING = YES;
				CLANG_WARN_BOOL_CONVERSION = YES;
				CLANG_WARN_COMMA = YES;
				CLANG_WARN_CONSTANT_CONVERSION = YES;
				CLANG_WARN_DEPRECATED_OBJC_IMPLEMENTATIONS = YES;
				CLANG_WARN_DIRECT_OBJC_ISA_USAGE = YES_ERROR;
				CLANG_WARN_DOCUMENTATION_COMMENTS = YES;
				CLANG_WARN_EMPTY_BODY = YES;
				CLANG_WARN_ENUM_CONVERSION = YES;
				CLANG_WARN_INFINITE_RECURSION = YES;
				CLANG_WARN_INT_CONVERSION = YES;
				CLANG_WARN_NON_LITERAL_NULL_CONVERSION = YES;
				CLANG_WARN_OBJC_IMPLICIT_RETAIN_SELF = YES;
				CLANG_WARN_OBJC_LITERAL_CONVERSION = YES;
				CLANG_WARN_OBJC_ROOT_CLASS = YES_ERROR;
				CLANG_WARN_RANGE_LOOP_ANALYSIS = YES;
				CLANG_WARN_STRICT_PROTOTYPES = YES;
				CLANG_WARN_SUSPICIOUS_MOVE = YES;
				CLANG_WARN_UNGUARDED_AVAILABILITY = YES_AGGRESSIVE;
				CLANG_WARN_UNREACHABLE_CODE = YES;
				CLANG_WARN__DUPLICATE_METHOD_MATCH = YES;
				CODE_SIGN_IDENTITY = "iPhone Developer";
				COPY_PHASE_STRIP = NO;
				DEBUG_INFORMATION_FORMAT = "dwarf-with-dsym";
				ENABLE_NS_ASSERTIONS = NO;
				ENABLE_STRICT_OBJC_MSGSEND = YES;
				GCC_C_LANGUAGE_STANDARD = gnu11;
				GCC_NO_COMMON_BLOCKS = YES;
				GCC_WARN_64_TO_32_BIT_CONVERSION = YES;
				GCC_WARN_ABOUT_RETURN_TYPE = YES_ERROR;
				GCC_WARN_UNDECLARED_SELECTOR = YES;
				GCC_WARN_UNINITIALIZED_AUTOS = YES_AGGRESSIVE;
				GCC_WARN_UNUSED_FUNCTION = YES;
				GCC_WARN_UNUSED_VARIABLE = YES;
				IPHONEOS_DEPLOYMENT_TARGET = 12.1;
				MTL_ENABLE_DEBUG_INFO = NO;
				MTL_FAST_MATH = YES;
				SDKROOT = iphoneos;
				VALIDATE_PRODUCT = YES;
			};
			name = Release;
		};
		9AB388B221EF18A600EB727D /* Debug */ = {
			isa = XCBuildConfiguration;
			baseConfigurationReference = 130E344302522BF24A5AD01D /* Pods-AccountTool.debug.xcconfig */;
			buildSettings = {
				ASSETCATALOG_COMPILER_APPICON_NAME = AppIcon;
				CODE_SIGN_STYLE = Automatic;
				DEVELOPMENT_TEAM = T6JY6NBTFP;
				INFOPLIST_FILE = AccountTool/Info.plist;
				LD_RUNPATH_SEARCH_PATHS = (
					"$(inherited)",
					"@executable_path/Frameworks",
				);
				PRODUCT_BUNDLE_IDENTIFIER = yu.AccountTool;
				PRODUCT_NAME = "$(TARGET_NAME)";
				TARGETED_DEVICE_FAMILY = "1,2";
			};
			name = Debug;
		};
		9AB388B321EF18A600EB727D /* Release */ = {
			isa = XCBuildConfiguration;
			baseConfigurationReference = 62126389E6E802C899191D6D /* Pods-AccountTool.release.xcconfig */;
			buildSettings = {
				ASSETCATALOG_COMPILER_APPICON_NAME = AppIcon;
				CODE_SIGN_STYLE = Automatic;
				DEVELOPMENT_TEAM = T6JY6NBTFP;
				INFOPLIST_FILE = AccountTool/Info.plist;
				LD_RUNPATH_SEARCH_PATHS = (
					"$(inherited)",
					"@executable_path/Frameworks",
				);
				PRODUCT_BUNDLE_IDENTIFIER = yu.AccountTool;
				PRODUCT_NAME = "$(TARGET_NAME)";
				TARGETED_DEVICE_FAMILY = "1,2";
			};
			name = Release;
		};
/* End XCBuildConfiguration section */

/* Begin XCConfigurationList section */
		9AB3889321EF18A400EB727D /* Build configuration list for PBXProject "AccountTool" */ = {
			isa = XCConfigurationList;
			buildConfigurations = (
				9AB388AF21EF18A600EB727D /* Debug */,
				9AB388B021EF18A600EB727D /* Release */,
			);
			defaultConfigurationIsVisible = 0;
			defaultConfigurationName = Release;
		};
		9AB388B121EF18A600EB727D /* Build configuration list for PBXNativeTarget "AccountTool" */ = {
			isa = XCConfigurationList;
			buildConfigurations = (
				9AB388B221EF18A600EB727D /* Debug */,
				9AB388B321EF18A600EB727D /* Release */,
			);
			defaultConfigurationIsVisible = 0;
			defaultConfigurationName = Release;
		};
/* End XCConfigurationList section */

/* Begin XCVersionGroup section */
		9AB388A421EF18A400EB727D /* AccountTool.xcdatamodeld */ = {
			isa = XCVersionGroup;
			children = (
				9AB388A521EF18A400EB727D /* AccountTool.xcdatamodel */,
			);
			currentVersion = 9AB388A521EF18A400EB727D /* AccountTool.xcdatamodel */;
			path = AccountTool.xcdatamodeld;
			sourceTree = "<group>";
			versionGroupType = wrapper.xcdatamodel;
		};
/* End XCVersionGroup section */
	};
	rootObject = 9AB3889021EF18A400EB727D /* Project object */;
}
